
Microsoft Visual Studio Solution File, Format Version 12.00
# Visual Studio Version 16
VisualStudioVersion = 16.0.30517.126
MinimumVisualStudioVersion = 10.0.40219.1
Project("{FAE04EC0-301F-11D3-BF4B-00C04F79EFBC}") = "Api", "Api\Api.csproj", "{F81D481A-DD5D-4C78-8BE6-2B6CB5E4CC65}"
EndProject
Global
	GlobalSection(SolutionConfigurationPlatforms) = preSolution
		Debug|Any CPU = Debug|Any CPU
		Release|Any CPU = Release|Any CPU
	EndGlobalSection
	GlobalSection(ProjectConfigurationPlatforms) = postSolution
		{F81D481A-DD5D-4C78-8BE6-2B6CB5E4CC65}.Debug|Any CPU.ActiveCfg = Debug|Any CPU
		{F81D481A-DD5D-4C78-8BE6-2B6CB5E4CC65}.Debug|Any CPU.Build.0 = Debug|Any CPU
		{F81D481A-DD5D-4C78-8BE6-2B6CB5E4CC65}.Release|Any CPU.ActiveCfg = Release|Any CPU
		{F81D481A-DD5D-4C78-8BE6-2B6CB5E4CC65}.Release|Any CPU.Build.0 = Release|Any CPU
	EndGlobalSection
	GlobalSection(SolutionProperties) = preSolution
		HideSolutionNode = FALSE
	EndGlobalSection
	GlobalSection(ExtensibilityGlobals) = postSolution
		SolutionGuid = {3D2CE566-BC97-4A8A-BDB5-29200B47C82B}
	EndGlobalSection
EndGlobal
