
Microsoft Visual Studio Solution File, Format Version 12.00
# Visual Studio Version 16
VisualStudioVersion = 16.0.30517.126
MinimumVisualStudioVersion = 10.0.40219.1
Project("{9A19103F-16F7-4668-BE54-9A1E7A4F7556}") = "Api", "Api\Api.csproj", "{F81D481A-DD5D-4C78-8BE6-2B6CB5E4CC65}"
EndProject
Project("{00D1A9C2-B5F0-4AF3-8072-F6C62B433612}") = "Database", "Database\Database.sqlproj", "{679DC2F5-2DAC-4C5F-B702-92FC358B7FD0}"
EndProject
Project("{9A19103F-16F7-4668-BE54-9A1E7A4F7556}") = "IntegrationTest", "IntegrationTest\IntegrationTest.csproj", "{F245A554-C878-4746-BBF6-A629D77DAAE1}"
EndProject
Project("{FAE04EC0-301F-11D3-BF4B-00C04F79EFBC}") = "FunctionalTest", "FunctionalTest\FunctionalTest.csproj", "{D78E9EBE-5302-4595-AAED-570D74B0C27D}"
EndProject
Global
	GlobalSection(SolutionConfigurationPlatforms) = preSolution
		Debug|Any CPU = Debug|Any CPU
		Release|Any CPU = Release|Any CPU
	EndGlobalSection
	GlobalSection(ProjectConfigurationPlatforms) = postSolution
		{F81D481A-DD5D-4C78-8BE6-2B6CB5E4CC65}.Debug|Any CPU.ActiveCfg = Debug|Any CPU
		{F81D481A-DD5D-4C78-8BE6-2B6CB5E4CC65}.Debug|Any CPU.Build.0 = Debug|Any CPU
		{F81D481A-DD5D-4C78-8BE6-2B6CB5E4CC65}.Release|Any CPU.ActiveCfg = Release|Any CPU
		{F81D481A-DD5D-4C78-8BE6-2B6CB5E4CC65}.Release|Any CPU.Build.0 = Release|Any CPU
		{679DC2F5-2DAC-4C5F-B702-92FC358B7FD0}.Debug|Any CPU.ActiveCfg = Debug|Any CPU
		{679DC2F5-2DAC-4C5F-B702-92FC358B7FD0}.Debug|Any CPU.Build.0 = Debug|Any CPU
		{679DC2F5-2DAC-4C5F-B702-92FC358B7FD0}.Debug|Any CPU.Deploy.0 = Debug|Any CPU
		{679DC2F5-2DAC-4C5F-B702-92FC358B7FD0}.Release|Any CPU.ActiveCfg = Release|Any CPU
		{679DC2F5-2DAC-4C5F-B702-92FC358B7FD0}.Release|Any CPU.Build.0 = Release|Any CPU
		{679DC2F5-2DAC-4C5F-B702-92FC358B7FD0}.Release|Any CPU.Deploy.0 = Release|Any CPU
		{F245A554-C878-4746-BBF6-A629D77DAAE1}.Debug|Any CPU.ActiveCfg = Debug|Any CPU
		{F245A554-C878-4746-BBF6-A629D77DAAE1}.Debug|Any CPU.Build.0 = Debug|Any CPU
		{F245A554-C878-4746-BBF6-A629D77DAAE1}.Release|Any CPU.ActiveCfg = Release|Any CPU
		{F245A554-C878-4746-BBF6-A629D77DAAE1}.Release|Any CPU.Build.0 = Release|Any CPU
		{D78E9EBE-5302-4595-AAED-570D74B0C27D}.Debug|Any CPU.ActiveCfg = Debug|Any CPU
		{D78E9EBE-5302-4595-AAED-570D74B0C27D}.Debug|Any CPU.Build.0 = Debug|Any CPU
		{D78E9EBE-5302-4595-AAED-570D74B0C27D}.Release|Any CPU.ActiveCfg = Release|Any CPU
		{D78E9EBE-5302-4595-AAED-570D74B0C27D}.Release|Any CPU.Build.0 = Release|Any CPU
	EndGlobalSection
	GlobalSection(SolutionProperties) = preSolution
		HideSolutionNode = FALSE
	EndGlobalSection
	GlobalSection(ExtensibilityGlobals) = postSolution
		SolutionGuid = {3D2CE566-BC97-4A8A-BDB5-29200B47C82B}
	EndGlobalSection
EndGlobal
